
Microsoft Visual Studio Solution File, Format Version 12.00
# Visual Studio 2013
VisualStudioVersion = 12.0.31101.0
MinimumVisualStudioVersion = 10.0.40219.1
Project("{FAE04EC0-301F-11D3-BF4B-00C04F79EFBC}") = "Xamarin-ArcGIS-PCL.Core", "Xamarin-ArcGIS-PCL.Core\Xamarin-ArcGIS-PCL.Core.csproj", "{36B07FE9-5EEA-4E3F-849D-A74E4AE09502}"
EndProject
Project("{FAE04EC0-301F-11D3-BF4B-00C04F79EFBC}") = "Xamarin-ArcGIS-PCL.Droid", "Xamarin-ArcGIS-PCL.Droid\Xamarin-ArcGIS-PCL.Droid.csproj", "{E3484909-AC76-41D6-927B-31DC65294D63}"
EndProject
Project("{2150E333-8FDC-42A3-9474-1A3956D46DE8}") = "Binding", "Binding", "{FEF71194-F010-4D2B-849F-785F25A0D529}"
EndProject
Project("{2150E333-8FDC-42A3-9474-1A3956D46DE8}") = "Samples", "Samples", "{CC7C6977-39BF-4ABD-BDCA-132E17B2EB22}"
EndProject
Project("{2150E333-8FDC-42A3-9474-1A3956D46DE8}") = "Mvx", "Mvx", "{CBA54DFF-F387-468C-9153-43DC9DA194EB}"
EndProject
Project("{2150E333-8FDC-42A3-9474-1A3956D46DE8}") = "Forms", "Forms", "{BAB53662-F739-46E5-BEB0-325785C09556}"
EndProject
Project("{2150E333-8FDC-42A3-9474-1A3956D46DE8}") = "Classic", "Classic", "{944F8F8D-7561-4415-AB7A-2AC702748D85}"
EndProject
Project("{FAE04EC0-301F-11D3-BF4B-00C04F79EFBC}") = "Xamarin-ArcGIS-PCL.Samples.Mvx.Core", "Samples\Mvx\Xamarin-ArcGIS-PCL.Samples.Mvx.Core\Xamarin-ArcGIS-PCL.Samples.Mvx.Core.csproj", "{9EFB590E-3064-427E-A5D9-D8E8C841D55C}"
EndProject
Project("{FAE04EC0-301F-11D3-BF4B-00C04F79EFBC}") = "Xamarin-ArcGIS-PCL.Samples.Mvx.Droid", "Samples\Mvx\Xamarin-ArcGIS-PCL.Samples.Mvx.Droid\Xamarin-ArcGIS-PCL.Samples.Mvx.Droid.csproj", "{2F710E3B-53AE-42C7-B028-E9C1D6F3DCD3}"
EndProject
Project("{FAE04EC0-301F-11D3-BF4B-00C04F79EFBC}") = "Xamarin-ArcGIS-PCL.Samples.Mvx.WinRT", "Samples\Mvx\Xamarin-ArcGIS-PCL.Samples.Mvx.Win\Xamarin-ArcGIS-PCL.Samples.Mvx.WinRT.csproj", "{7FE1FF23-F794-4AD0-8825-F5757CE9935C}"
EndProject
Project("{FAE04EC0-301F-11D3-BF4B-00C04F79EFBC}") = "Xamarin-ArcGIS-PCL.WinRT", "Xamarin-ArcGIS-PCL.WinRT\Xamarin-ArcGIS-PCL.WinRT.csproj", "{11669D6A-28E2-4319-BFF5-D809A73B6632}"
EndProject
Project("{FAE04EC0-301F-11D3-BF4B-00C04F79EFBC}") = "ArcGISBinding.Android", "Binding\ArcGISBinding.Android\ArcGISBinding.Android.csproj", "{216BF990-90E7-4D65-B588-093F95383DCE}"
EndProject
Global
	GlobalSection(SolutionConfigurationPlatforms) = preSolution
		Debug|Any CPU = Debug|Any CPU
		Debug|ARM = Debug|ARM
		Debug|x64 = Debug|x64
		Debug|x86 = Debug|x86
		Release|Any CPU = Release|Any CPU
		Release|ARM = Release|ARM
		Release|x64 = Release|x64
		Release|x86 = Release|x86
	EndGlobalSection
	GlobalSection(ProjectConfigurationPlatforms) = postSolution
		{36B07FE9-5EEA-4E3F-849D-A74E4AE09502}.Debug|Any CPU.ActiveCfg = Debug|Any CPU
		{36B07FE9-5EEA-4E3F-849D-A74E4AE09502}.Debug|Any CPU.Build.0 = Debug|Any CPU
		{36B07FE9-5EEA-4E3F-849D-A74E4AE09502}.Debug|ARM.ActiveCfg = Debug|Any CPU
		{36B07FE9-5EEA-4E3F-849D-A74E4AE09502}.Debug|x64.ActiveCfg = Debug|Any CPU
		{36B07FE9-5EEA-4E3F-849D-A74E4AE09502}.Debug|x86.ActiveCfg = Debug|Any CPU
		{36B07FE9-5EEA-4E3F-849D-A74E4AE09502}.Release|Any CPU.ActiveCfg = Release|Any CPU
		{36B07FE9-5EEA-4E3F-849D-A74E4AE09502}.Release|Any CPU.Build.0 = Release|Any CPU
		{36B07FE9-5EEA-4E3F-849D-A74E4AE09502}.Release|ARM.ActiveCfg = Release|Any CPU
		{36B07FE9-5EEA-4E3F-849D-A74E4AE09502}.Release|x64.ActiveCfg = Release|Any CPU
		{36B07FE9-5EEA-4E3F-849D-A74E4AE09502}.Release|x86.ActiveCfg = Release|Any CPU
		{E3484909-AC76-41D6-927B-31DC65294D63}.Debug|Any CPU.ActiveCfg = Debug|Any CPU
		{E3484909-AC76-41D6-927B-31DC65294D63}.Debug|Any CPU.Build.0 = Debug|Any CPU
		{E3484909-AC76-41D6-927B-31DC65294D63}.Debug|ARM.ActiveCfg = Debug|Any CPU
		{E3484909-AC76-41D6-927B-31DC65294D63}.Debug|x64.ActiveCfg = Debug|Any CPU
		{E3484909-AC76-41D6-927B-31DC65294D63}.Debug|x86.ActiveCfg = Debug|Any CPU
		{E3484909-AC76-41D6-927B-31DC65294D63}.Release|Any CPU.ActiveCfg = Release|Any CPU
		{E3484909-AC76-41D6-927B-31DC65294D63}.Release|Any CPU.Build.0 = Release|Any CPU
		{E3484909-AC76-41D6-927B-31DC65294D63}.Release|ARM.ActiveCfg = Release|Any CPU
		{E3484909-AC76-41D6-927B-31DC65294D63}.Release|x64.ActiveCfg = Release|Any CPU
		{E3484909-AC76-41D6-927B-31DC65294D63}.Release|x86.ActiveCfg = Release|Any CPU
		{9EFB590E-3064-427E-A5D9-D8E8C841D55C}.Debug|Any CPU.ActiveCfg = Debug|Any CPU
		{9EFB590E-3064-427E-A5D9-D8E8C841D55C}.Debug|Any CPU.Build.0 = Debug|Any CPU
		{9EFB590E-3064-427E-A5D9-D8E8C841D55C}.Debug|ARM.ActiveCfg = Debug|Any CPU
		{9EFB590E-3064-427E-A5D9-D8E8C841D55C}.Debug|x64.ActiveCfg = Debug|Any CPU
		{9EFB590E-3064-427E-A5D9-D8E8C841D55C}.Debug|x86.ActiveCfg = Debug|Any CPU
		{9EFB590E-3064-427E-A5D9-D8E8C841D55C}.Release|Any CPU.ActiveCfg = Release|Any CPU
		{9EFB590E-3064-427E-A5D9-D8E8C841D55C}.Release|Any CPU.Build.0 = Release|Any CPU
		{9EFB590E-3064-427E-A5D9-D8E8C841D55C}.Release|ARM.ActiveCfg = Release|Any CPU
		{9EFB590E-3064-427E-A5D9-D8E8C841D55C}.Release|x64.ActiveCfg = Release|Any CPU
		{9EFB590E-3064-427E-A5D9-D8E8C841D55C}.Release|x86.ActiveCfg = Release|Any CPU
		{2F710E3B-53AE-42C7-B028-E9C1D6F3DCD3}.Debug|Any CPU.ActiveCfg = Debug|Any CPU
		{2F710E3B-53AE-42C7-B028-E9C1D6F3DCD3}.Debug|Any CPU.Build.0 = Debug|Any CPU
		{2F710E3B-53AE-42C7-B028-E9C1D6F3DCD3}.Debug|Any CPU.Deploy.0 = Debug|Any CPU
		{2F710E3B-53AE-42C7-B028-E9C1D6F3DCD3}.Debug|ARM.ActiveCfg = Debug|Any CPU
		{2F710E3B-53AE-42C7-B028-E9C1D6F3DCD3}.Debug|x64.ActiveCfg = Debug|Any CPU
		{2F710E3B-53AE-42C7-B028-E9C1D6F3DCD3}.Debug|x86.ActiveCfg = Debug|Any CPU
		{2F710E3B-53AE-42C7-B028-E9C1D6F3DCD3}.Release|Any CPU.ActiveCfg = Release|Any CPU
		{2F710E3B-53AE-42C7-B028-E9C1D6F3DCD3}.Release|Any CPU.Build.0 = Release|Any CPU
		{2F710E3B-53AE-42C7-B028-E9C1D6F3DCD3}.Release|Any CPU.Deploy.0 = Release|Any CPU
		{2F710E3B-53AE-42C7-B028-E9C1D6F3DCD3}.Release|ARM.ActiveCfg = Release|Any CPU
		{2F710E3B-53AE-42C7-B028-E9C1D6F3DCD3}.Release|x64.ActiveCfg = Release|Any CPU
		{2F710E3B-53AE-42C7-B028-E9C1D6F3DCD3}.Release|x86.ActiveCfg = Release|Any CPU
		{7FE1FF23-F794-4AD0-8825-F5757CE9935C}.Debug|Any CPU.ActiveCfg = Debug|Any CPU
		{7FE1FF23-F794-4AD0-8825-F5757CE9935C}.Debug|Any CPU.Build.0 = Debug|Any CPU
		{7FE1FF23-F794-4AD0-8825-F5757CE9935C}.Debug|Any CPU.Deploy.0 = Debug|Any CPU
		{7FE1FF23-F794-4AD0-8825-F5757CE9935C}.Debug|ARM.ActiveCfg = Debug|ARM
		{7FE1FF23-F794-4AD0-8825-F5757CE9935C}.Debug|ARM.Build.0 = Debug|ARM
		{7FE1FF23-F794-4AD0-8825-F5757CE9935C}.Debug|ARM.Deploy.0 = Debug|ARM
		{7FE1FF23-F794-4AD0-8825-F5757CE9935C}.Debug|x64.ActiveCfg = Debug|x64
		{7FE1FF23-F794-4AD0-8825-F5757CE9935C}.Debug|x64.Build.0 = Debug|x64
		{7FE1FF23-F794-4AD0-8825-F5757CE9935C}.Debug|x64.Deploy.0 = Debug|x64
		{7FE1FF23-F794-4AD0-8825-F5757CE9935C}.Debug|x86.ActiveCfg = Debug|x86
		{7FE1FF23-F794-4AD0-8825-F5757CE9935C}.Debug|x86.Build.0 = Debug|x86
		{7FE1FF23-F794-4AD0-8825-F5757CE9935C}.Debug|x86.Deploy.0 = Debug|x86
		{7FE1FF23-F794-4AD0-8825-F5757CE9935C}.Release|Any CPU.ActiveCfg = Release|Any CPU
		{7FE1FF23-F794-4AD0-8825-F5757CE9935C}.Release|Any CPU.Build.0 = Release|Any CPU
		{7FE1FF23-F794-4AD0-8825-F5757CE9935C}.Release|Any CPU.Deploy.0 = Release|Any CPU
		{7FE1FF23-F794-4AD0-8825-F5757CE9935C}.Release|ARM.ActiveCfg = Release|ARM
		{7FE1FF23-F794-4AD0-8825-F5757CE9935C}.Release|ARM.Build.0 = Release|ARM
		{7FE1FF23-F794-4AD0-8825-F5757CE9935C}.Release|ARM.Deploy.0 = Release|ARM
		{7FE1FF23-F794-4AD0-8825-F5757CE9935C}.Release|x64.ActiveCfg = Release|x64
		{7FE1FF23-F794-4AD0-8825-F5757CE9935C}.Release|x64.Build.0 = Release|x64
		{7FE1FF23-F794-4AD0-8825-F5757CE9935C}.Release|x64.Deploy.0 = Release|x64
		{7FE1FF23-F794-4AD0-8825-F5757CE9935C}.Release|x86.ActiveCfg = Release|x86
		{7FE1FF23-F794-4AD0-8825-F5757CE9935C}.Release|x86.Build.0 = Release|x86
		{7FE1FF23-F794-4AD0-8825-F5757CE9935C}.Release|x86.Deploy.0 = Release|x86
		{11669D6A-28E2-4319-BFF5-D809A73B6632}.Debug|Any CPU.ActiveCfg = Debug|Any CPU
		{11669D6A-28E2-4319-BFF5-D809A73B6632}.Debug|Any CPU.Build.0 = Debug|Any CPU
		{11669D6A-28E2-4319-BFF5-D809A73B6632}.Debug|ARM.ActiveCfg = Debug|ARM
		{11669D6A-28E2-4319-BFF5-D809A73B6632}.Debug|ARM.Build.0 = Debug|ARM
		{11669D6A-28E2-4319-BFF5-D809A73B6632}.Debug|x64.ActiveCfg = Debug|x64
		{11669D6A-28E2-4319-BFF5-D809A73B6632}.Debug|x64.Build.0 = Debug|x64
		{11669D6A-28E2-4319-BFF5-D809A73B6632}.Debug|x86.ActiveCfg = Debug|x86
		{11669D6A-28E2-4319-BFF5-D809A73B6632}.Debug|x86.Build.0 = Debug|x86
		{11669D6A-28E2-4319-BFF5-D809A73B6632}.Release|Any CPU.ActiveCfg = Release|Any CPU
		{11669D6A-28E2-4319-BFF5-D809A73B6632}.Release|Any CPU.Build.0 = Release|Any CPU
		{11669D6A-28E2-4319-BFF5-D809A73B6632}.Release|ARM.ActiveCfg = Release|ARM
		{11669D6A-28E2-4319-BFF5-D809A73B6632}.Release|ARM.Build.0 = Release|ARM
		{11669D6A-28E2-4319-BFF5-D809A73B6632}.Release|x64.ActiveCfg = Release|x64
		{11669D6A-28E2-4319-BFF5-D809A73B6632}.Release|x64.Build.0 = Release|x64
		{11669D6A-28E2-4319-BFF5-D809A73B6632}.Release|x86.ActiveCfg = Release|x86
		{11669D6A-28E2-4319-BFF5-D809A73B6632}.Release|x86.Build.0 = Release|x86
		{216BF990-90E7-4D65-B588-093F95383DCE}.Debug|Any CPU.ActiveCfg = Debug|Any CPU
		{216BF990-90E7-4D65-B588-093F95383DCE}.Debug|Any CPU.Build.0 = Debug|Any CPU
		{216BF990-90E7-4D65-B588-093F95383DCE}.Debug|ARM.ActiveCfg = Debug|Any CPU
		{216BF990-90E7-4D65-B588-093F95383DCE}.Debug|x64.ActiveCfg = Debug|Any CPU
		{216BF990-90E7-4D65-B588-093F95383DCE}.Debug|x86.ActiveCfg = Debug|Any CPU
		{216BF990-90E7-4D65-B588-093F95383DCE}.Release|Any CPU.ActiveCfg = Release|Any CPU
		{216BF990-90E7-4D65-B588-093F95383DCE}.Release|Any CPU.Build.0 = Release|Any CPU
		{216BF990-90E7-4D65-B588-093F95383DCE}.Release|ARM.ActiveCfg = Release|Any CPU
		{216BF990-90E7-4D65-B588-093F95383DCE}.Release|x64.ActiveCfg = Release|Any CPU
		{216BF990-90E7-4D65-B588-093F95383DCE}.Release|x86.ActiveCfg = Release|Any CPU
	EndGlobalSection
	GlobalSection(SolutionProperties) = preSolution
		HideSolutionNode = FALSE
	EndGlobalSection
	GlobalSection(NestedProjects) = preSolution
		{CBA54DFF-F387-468C-9153-43DC9DA194EB} = {CC7C6977-39BF-4ABD-BDCA-132E17B2EB22}
		{BAB53662-F739-46E5-BEB0-325785C09556} = {CC7C6977-39BF-4ABD-BDCA-132E17B2EB22}
		{944F8F8D-7561-4415-AB7A-2AC702748D85} = {CC7C6977-39BF-4ABD-BDCA-132E17B2EB22}
		{9EFB590E-3064-427E-A5D9-D8E8C841D55C} = {CBA54DFF-F387-468C-9153-43DC9DA194EB}
		{2F710E3B-53AE-42C7-B028-E9C1D6F3DCD3} = {CBA54DFF-F387-468C-9153-43DC9DA194EB}
		{7FE1FF23-F794-4AD0-8825-F5757CE9935C} = {CBA54DFF-F387-468C-9153-43DC9DA194EB}
		{216BF990-90E7-4D65-B588-093F95383DCE} = {FEF71194-F010-4D2B-849F-785F25A0D529}
	EndGlobalSection
EndGlobal
